# THIS IS AN AUTOGENERATED FILE. DO NOT EDIT THIS FILE DIRECTLY.
# yarn lockfile v1


commander@^11.0.0:
  version "11.1.0"
  resolved "https://registry.yarnpkg.com/commander/-/commander-11.1.0.tgz#62fdce76006a68e5c1ab3314dc92e800eb83d906"
  integrity sha512-yPVavfyCcRhmorC7rWlkHn15b4wDVgVmBA7kV4QVBsF7kv/9TKJAbAXVTxvTnwP8HHKjRCJDClKbciiYS7p0DQ==

npmluau@^0.1.1:
  version "0.1.1"
  resolved "https://registry.yarnpkg.com/npmluau/-/npmluau-0.1.1.tgz#0e380f9b8b6a88f2c69b7ccc57019e93459cb030"
  integrity sha512-nHY1rR32SPIbDvZRIXWPduxyr+Dp42sT7vIEedHhodvhCsCEYTpxyIDrt6/nr+paTK1uhqUQm8HuzmW5O+38wQ==
  dependencies:
    commander "^11.0.0"
    walkdir "^0.4.1"

walkdir@^0.4.1:
  version "0.4.1"
  resolved "https://registry.yarnpkg.com/walkdir/-/walkdir-0.4.1.tgz#dc119f83f4421df52e3061e514228a2db20afa39"
  integrity sha512-3eBwRyEln6E1MSzcxcVpQIhRG8Q1jLvEqRmCZqS3dsfXEDR/AhOF4d+jHg1qvDCpYaVRZjENPQyrVxAkQqxPgQ==
